// !$*UTF8*$!
{
	archiveVersion = 1;
	classes = {
	};
	objectVersion = 50;
	objects = {

/* Begin PBXBuildFile section */
		4CFB086C34B711CAABB1841F /* Pods_AssignmentJigneshTests.framework in Frameworks */ = {isa = PBXBuildFile; fileRef = 3AA3572F4982514B13EE7415 /* Pods_AssignmentJigneshTests.framework */; };
		6FB140C2962C40E3DEB30FED /* Pods_AssignmentJignesh.framework in Frameworks */ = {isa = PBXBuildFile; fileRef = 0B7ECBBBB961EDAB2CA5CC9F /* Pods_AssignmentJignesh.framework */; };
		E0030A4825496A6900FF0A0B /* AppDelegate.swift in Sources */ = {isa = PBXBuildFile; fileRef = E0030A4725496A6900FF0A0B /* AppDelegate.swift */; };
		E0030A4A25496A6900FF0A0B /* SceneDelegate.swift in Sources */ = {isa = PBXBuildFile; fileRef = E0030A4925496A6900FF0A0B /* SceneDelegate.swift */; };
		E0030A5125496A6A00FF0A0B /* Assets.xcassets in Resources */ = {isa = PBXBuildFile; fileRef = E0030A5025496A6A00FF0A0B /* Assets.xcassets */; };
		E0030A712549789000FF0A0B /* HomeContentTableViewCell.swift in Sources */ = {isa = PBXBuildFile; fileRef = E0030A702549789000FF0A0B /* HomeContentTableViewCell.swift */; };
		E0030A7625497D4A00FF0A0B /* HomeFeedsViewController.swift in Sources */ = {isa = PBXBuildFile; fileRef = E0030A7525497D4A00FF0A0B /* HomeFeedsViewController.swift */; };
		E02E37A9254BE00800AAF341 /* AboutCanadaViewModel.swift in Sources */ = {isa = PBXBuildFile; fileRef = E02E37A8254BE00800AAF341 /* AboutCanadaViewModel.swift */; };
		E02E37AE254C007A00AAF341 /* APIServices.swift in Sources */ = {isa = PBXBuildFile; fileRef = E02E37AC254C007A00AAF341 /* APIServices.swift */; };
		E02E37AF254C007A00AAF341 /* ImageDownloadHandler.swift in Sources */ = {isa = PBXBuildFile; fileRef = E02E37AD254C007A00AAF341 /* ImageDownloadHandler.swift */; };
		E02E37B7254C00A200AAF341 /* Constants.swift in Sources */ = {isa = PBXBuildFile; fileRef = E02E37B1254C00A100AAF341 /* Constants.swift */; };
		E02E37BA254C00A200AAF341 /* AboutCanada.swift in Sources */ = {isa = PBXBuildFile; fileRef = E02E37B6254C00A100AAF341 /* AboutCanada.swift */; };
		E02E37BD254C034B00AAF341 /* UIView+Extension.swift in Sources */ = {isa = PBXBuildFile; fileRef = E02E37BB254C034B00AAF341 /* UIView+Extension.swift */; };
		E02E37BE254C034B00AAF341 /* UIColor+Extension.swift in Sources */ = {isa = PBXBuildFile; fileRef = E02E37BC254C034B00AAF341 /* UIColor+Extension.swift */; };
		E0457A89254C19E70010DD97 /* BaseViewController.swift in Sources */ = {isa = PBXBuildFile; fileRef = E0457A88254C19E70010DD97 /* BaseViewController.swift */; };
		E0457A8C254C1D440010DD97 /* AboutCanadaTests.swift in Sources */ = {isa = PBXBuildFile; fileRef = E0457A8A254C1D440010DD97 /* AboutCanadaTests.swift */; };
		E0457A90254C21180010DD97 /* Reachability.swift in Sources */ = {isa = PBXBuildFile; fileRef = E0457A8F254C21170010DD97 /* Reachability.swift */; };
/* End PBXBuildFile section */

/* Begin PBXContainerItemProxy section */
		E0030A5B25496A6A00FF0A0B /* PBXContainerItemProxy */ = {
			isa = PBXContainerItemProxy;
			containerPortal = E0030A3C25496A6900FF0A0B /* Project object */;
			proxyType = 1;
			remoteGlobalIDString = E0030A4325496A6900FF0A0B;
			remoteInfo = AssignmentJignesh;
		};
/* End PBXContainerItemProxy section */

/* Begin PBXFileReference section */
		0B7ECBBBB961EDAB2CA5CC9F /* Pods_AssignmentJignesh.framework */ = {isa = PBXFileReference; explicitFileType = wrapper.framework; includeInIndex = 0; path = Pods_AssignmentJignesh.framework; sourceTree = BUILT_PRODUCTS_DIR; };
		324CF1BB0F8C5354CD662A37 /* Pods-AssignmentJignesh.debug.xcconfig */ = {isa = PBXFileReference; includeInIndex = 1; lastKnownFileType = text.xcconfig; name = "Pods-AssignmentJignesh.debug.xcconfig"; path = "Target Support Files/Pods-AssignmentJignesh/Pods-AssignmentJignesh.debug.xcconfig"; sourceTree = "<group>"; };
		3AA3572F4982514B13EE7415 /* Pods_AssignmentJigneshTests.framework */ = {isa = PBXFileReference; explicitFileType = wrapper.framework; includeInIndex = 0; path = Pods_AssignmentJigneshTests.framework; sourceTree = BUILT_PRODUCTS_DIR; };
		46A2370E260E649A68D92430 /* Pods-AssignmentJigneshTests.release.xcconfig */ = {isa = PBXFileReference; includeInIndex = 1; lastKnownFileType = text.xcconfig; name = "Pods-AssignmentJigneshTests.release.xcconfig"; path = "Target Support Files/Pods-AssignmentJigneshTests/Pods-AssignmentJigneshTests.release.xcconfig"; sourceTree = "<group>"; };
		8DA64736B6812AEAAB98B9E9 /* Pods-AssignmentJigneshTests.debug.xcconfig */ = {isa = PBXFileReference; includeInIndex = 1; lastKnownFileType = text.xcconfig; name = "Pods-AssignmentJigneshTests.debug.xcconfig"; path = "Target Support Files/Pods-AssignmentJigneshTests/Pods-AssignmentJigneshTests.debug.xcconfig"; sourceTree = "<group>"; };
		C16EB15DD4FD603049B414EA /* Pods-AssignmentJignesh.release.xcconfig */ = {isa = PBXFileReference; includeInIndex = 1; lastKnownFileType = text.xcconfig; name = "Pods-AssignmentJignesh.release.xcconfig"; path = "Target Support Files/Pods-AssignmentJignesh/Pods-AssignmentJignesh.release.xcconfig"; sourceTree = "<group>"; };
		E0030A4425496A6900FF0A0B /* AssignmentJignesh.app */ = {isa = PBXFileReference; explicitFileType = wrapper.application; includeInIndex = 0; path = AssignmentJignesh.app; sourceTree = BUILT_PRODUCTS_DIR; };
		E0030A4725496A6900FF0A0B /* AppDelegate.swift */ = {isa = PBXFileReference; lastKnownFileType = sourcecode.swift; path = AppDelegate.swift; sourceTree = "<group>"; };
		E0030A4925496A6900FF0A0B /* SceneDelegate.swift */ = {isa = PBXFileReference; lastKnownFileType = sourcecode.swift; path = SceneDelegate.swift; sourceTree = "<group>"; };
		E0030A5025496A6A00FF0A0B /* Assets.xcassets */ = {isa = PBXFileReference; lastKnownFileType = folder.assetcatalog; path = Assets.xcassets; sourceTree = "<group>"; };
		E0030A5525496A6A00FF0A0B /* Info.plist */ = {isa = PBXFileReference; lastKnownFileType = text.plist.xml; path = Info.plist; sourceTree = "<group>"; };
		E0030A5A25496A6A00FF0A0B /* AssignmentJigneshTests.xctest */ = {isa = PBXFileReference; explicitFileType = wrapper.cfbundle; includeInIndex = 0; path = AssignmentJigneshTests.xctest; sourceTree = BUILT_PRODUCTS_DIR; };
		E0030A6025496A6A00FF0A0B /* Info.plist */ = {isa = PBXFileReference; lastKnownFileType = text.plist.xml; path = Info.plist; sourceTree = "<group>"; };
		E0030A702549789000FF0A0B /* HomeContentTableViewCell.swift */ = {isa = PBXFileReference; lastKnownFileType = sourcecode.swift; path = HomeContentTableViewCell.swift; sourceTree = "<group>"; };
		E0030A7525497D4A00FF0A0B /* HomeFeedsViewController.swift */ = {isa = PBXFileReference; lastKnownFileType = sourcecode.swift; path = HomeFeedsViewController.swift; sourceTree = "<group>"; };
		E02E37A8254BE00800AAF341 /* AboutCanadaViewModel.swift */ = {isa = PBXFileReference; fileEncoding = 4; lastKnownFileType = sourcecode.swift; path = AboutCanadaViewModel.swift; sourceTree = "<group>"; };
		E02E37AC254C007A00AAF341 /* APIServices.swift */ = {isa = PBXFileReference; fileEncoding = 4; lastKnownFileType = sourcecode.swift; path = APIServices.swift; sourceTree = "<group>"; };
		E02E37AD254C007A00AAF341 /* ImageDownloadHandler.swift */ = {isa = PBXFileReference; fileEncoding = 4; lastKnownFileType = sourcecode.swift; path = ImageDownloadHandler.swift; sourceTree = "<group>"; };
		E02E37B1254C00A100AAF341 /* Constants.swift */ = {isa = PBXFileReference; fileEncoding = 4; lastKnownFileType = sourcecode.swift; path = Constants.swift; sourceTree = "<group>"; };
		E02E37B6254C00A100AAF341 /* AboutCanada.swift */ = {isa = PBXFileReference; fileEncoding = 4; lastKnownFileType = sourcecode.swift; path = AboutCanada.swift; sourceTree = "<group>"; };
		E02E37BB254C034B00AAF341 /* UIView+Extension.swift */ = {isa = PBXFileReference; fileEncoding = 4; lastKnownFileType = sourcecode.swift; path = "UIView+Extension.swift"; sourceTree = "<group>"; };
		E02E37BC254C034B00AAF341 /* UIColor+Extension.swift */ = {isa = PBXFileReference; fileEncoding = 4; lastKnownFileType = sourcecode.swift; path = "UIColor+Extension.swift"; sourceTree = "<group>"; };
		E0457A88254C19E70010DD97 /* BaseViewController.swift */ = {isa = PBXFileReference; lastKnownFileType = sourcecode.swift; path = BaseViewController.swift; sourceTree = "<group>"; };
		E0457A8A254C1D440010DD97 /* AboutCanadaTests.swift */ = {isa = PBXFileReference; fileEncoding = 4; lastKnownFileType = sourcecode.swift; path = AboutCanadaTests.swift; sourceTree = "<group>"; };
		E0457A8F254C21170010DD97 /* Reachability.swift */ = {isa = PBXFileReference; fileEncoding = 4; lastKnownFileType = sourcecode.swift; path = Reachability.swift; sourceTree = "<group>"; };
/* End PBXFileReference section */

/* Begin PBXFrameworksBuildPhase section */
		E0030A4125496A6900FF0A0B /* Frameworks */ = {
			isa = PBXFrameworksBuildPhase;
			buildActionMask = 2147483647;
			files = (
				6FB140C2962C40E3DEB30FED /* Pods_AssignmentJignesh.framework in Frameworks */,
			);
			runOnlyForDeploymentPostprocessing = 0;
		};
		E0030A5725496A6A00FF0A0B /* Frameworks */ = {
			isa = PBXFrameworksBuildPhase;
			buildActionMask = 2147483647;
			files = (
				4CFB086C34B711CAABB1841F /* Pods_AssignmentJigneshTests.framework in Frameworks */,
			);
			runOnlyForDeploymentPostprocessing = 0;
		};
/* End PBXFrameworksBuildPhase section */

/* Begin PBXGroup section */
		04C5F44E2E6947F124E08679 /* Frameworks */ = {
			isa = PBXGroup;
			children = (
				0B7ECBBBB961EDAB2CA5CC9F /* Pods_AssignmentJignesh.framework */,
				3AA3572F4982514B13EE7415 /* Pods_AssignmentJigneshTests.framework */,
			);
			name = Frameworks;
			sourceTree = "<group>";
		};
		B71A2BD254B9A0177E1484AB /* Pods */ = {
			isa = PBXGroup;
			children = (
				324CF1BB0F8C5354CD662A37 /* Pods-AssignmentJignesh.debug.xcconfig */,
				C16EB15DD4FD603049B414EA /* Pods-AssignmentJignesh.release.xcconfig */,
				8DA64736B6812AEAAB98B9E9 /* Pods-AssignmentJigneshTests.debug.xcconfig */,
				46A2370E260E649A68D92430 /* Pods-AssignmentJigneshTests.release.xcconfig */,
			);
			path = Pods;
			sourceTree = "<group>";
		};
		E0030A3B25496A6900FF0A0B = {
			isa = PBXGroup;
			children = (
				E0030A4625496A6900FF0A0B /* AssignmentJignesh */,
				E0030A5D25496A6A00FF0A0B /* AssignmentJigneshTests */,
				E0030A4525496A6900FF0A0B /* Products */,
				B71A2BD254B9A0177E1484AB /* Pods */,
				04C5F44E2E6947F124E08679 /* Frameworks */,
			);
			sourceTree = "<group>";
		};
		E0030A4525496A6900FF0A0B /* Products */ = {
			isa = PBXGroup;
			children = (
				E0030A4425496A6900FF0A0B /* AssignmentJignesh.app */,
				E0030A5A25496A6A00FF0A0B /* AssignmentJigneshTests.xctest */,
			);
			name = Products;
			sourceTree = "<group>";
		};
		E0030A4625496A6900FF0A0B /* AssignmentJignesh */ = {
			isa = PBXGroup;
			children = (
				E0457A8E254C21170010DD97 /* Reachability */,
				E0457A87254C19D00010DD97 /* Base */,
				E02E37B0254C00A100AAF341 /* Constant */,
				E02E37BF254C037000AAF341 /* Extension */,
				E02E37AA254C007A00AAF341 /* Services */,
				E0030A7B254981F700FF0A0B /* ViewModels */,
				E0030A7725497D7300FF0A0B /* Controllers */,
				E0030A6B2549782900FF0A0B /* AppDelegate */,
				E0030A69254977F000FF0A0B /* UITableViewCells */,
				E0030A5025496A6A00FF0A0B /* Assets.xcassets */,
				E0030A5525496A6A00FF0A0B /* Info.plist */,
			);
			path = AssignmentJignesh;
			sourceTree = "<group>";
		};
		E0030A5D25496A6A00FF0A0B /* AssignmentJigneshTests */ = {
			isa = PBXGroup;
			children = (
				E0457A8A254C1D440010DD97 /* AboutCanadaTests.swift */,
				E0030A6025496A6A00FF0A0B /* Info.plist */,
			);
			path = AssignmentJigneshTests;
			sourceTree = "<group>";
		};
		E0030A69254977F000FF0A0B /* UITableViewCells */ = {
			isa = PBXGroup;
			children = (
				E0030A702549789000FF0A0B /* HomeContentTableViewCell.swift */,
			);
			path = UITableViewCells;
			sourceTree = "<group>";
		};
		E0030A6B2549782900FF0A0B /* AppDelegate */ = {
			isa = PBXGroup;
			children = (
				E0030A4725496A6900FF0A0B /* AppDelegate.swift */,
				E0030A4925496A6900FF0A0B /* SceneDelegate.swift */,
			);
			path = AppDelegate;
			sourceTree = "<group>";
		};
		E0030A7725497D7300FF0A0B /* Controllers */ = {
			isa = PBXGroup;
			children = (
				E0030A7525497D4A00FF0A0B /* HomeFeedsViewController.swift */,
			);
			path = Controllers;
			sourceTree = "<group>";
		};
		E0030A7B254981F700FF0A0B /* ViewModels */ = {
			isa = PBXGroup;
			children = (
				E02E37A8254BE00800AAF341 /* AboutCanadaViewModel.swift */,
			);
			path = ViewModels;
			sourceTree = "<group>";
		};
		E02E37AA254C007A00AAF341 /* Services */ = {
			isa = PBXGroup;
			children = (
				E02E37B5254C00A100AAF341 /* Model */,
				E02E37AB254C007A00AAF341 /* APIServices */,
			);
			path = Services;
			sourceTree = "<group>";
		};
		E02E37AB254C007A00AAF341 /* APIServices */ = {
			isa = PBXGroup;
			children = (
				E02E37AC254C007A00AAF341 /* APIServices.swift */,
				E02E37AD254C007A00AAF341 /* ImageDownloadHandler.swift */,
			);
			path = APIServices;
			sourceTree = "<group>";
		};
		E02E37B0254C00A100AAF341 /* Constant */ = {
			isa = PBXGroup;
			children = (
				E02E37B1254C00A100AAF341 /* Constants.swift */,
			);
			name = Constant;
			path = AssignmentJignesh/Constant;
			sourceTree = SOURCE_ROOT;
		};
		E02E37B5254C00A100AAF341 /* Model */ = {
			isa = PBXGroup;
			children = (
				E02E37B6254C00A100AAF341 /* AboutCanada.swift */,
			);
			name = Model;
			path = AssignmentJignesh/Model;
			sourceTree = SOURCE_ROOT;
		};
		E02E37BF254C037000AAF341 /* Extension */ = {
			isa = PBXGroup;
			children = (
				E02E37BC254C034B00AAF341 /* UIColor+Extension.swift */,
				E02E37BB254C034B00AAF341 /* UIView+Extension.swift */,
			);
			path = Extension;
			sourceTree = "<group>";
		};
		E0457A87254C19D00010DD97 /* Base */ = {
			isa = PBXGroup;
			children = (
				E0457A88254C19E70010DD97 /* BaseViewController.swift */,
			);
			path = Base;
			sourceTree = "<group>";
		};
		E0457A8E254C21170010DD97 /* Reachability */ = {
			isa = PBXGroup;
			children = (
				E0457A8F254C21170010DD97 /* Reachability.swift */,
			);
			path = Reachability;
			sourceTree = "<group>";
		};
/* End PBXGroup section */

/* Begin PBXNativeTarget section */
		E0030A4325496A6900FF0A0B /* AssignmentJignesh */ = {
			isa = PBXNativeTarget;
			buildConfigurationList = E0030A6325496A6A00FF0A0B /* Build configuration list for PBXNativeTarget "AssignmentJignesh" */;
			buildPhases = (
				45DB228DE3A5C2CA34123FB0 /* [CP] Check Pods Manifest.lock */,
				E0030A4025496A6900FF0A0B /* Sources */,
				E0030A4125496A6900FF0A0B /* Frameworks */,
				E0030A4225496A6900FF0A0B /* Resources */,
			);
			buildRules = (
			);
			dependencies = (
			);
			name = AssignmentJignesh;
			productName = AssignmentJignesh;
			productReference = E0030A4425496A6900FF0A0B /* AssignmentJignesh.app */;
			productType = "com.apple.product-type.application";
		};
		E0030A5925496A6A00FF0A0B /* AssignmentJigneshTests */ = {
			isa = PBXNativeTarget;
			buildConfigurationList = E0030A6625496A6A00FF0A0B /* Build configuration list for PBXNativeTarget "AssignmentJigneshTests" */;
			buildPhases = (
				0ECF755F4AF99E3CEC3FC0C8 /* [CP] Check Pods Manifest.lock */,
				E0030A5625496A6A00FF0A0B /* Sources */,
				E0030A5725496A6A00FF0A0B /* Frameworks */,
				E0030A5825496A6A00FF0A0B /* Resources */,
			);
			buildRules = (
			);
			dependencies = (
				E0030A5C25496A6A00FF0A0B /* PBXTargetDependency */,
			);
			name = AssignmentJigneshTests;
			productName = AssignmentJigneshTests;
			productReference = E0030A5A25496A6A00FF0A0B /* AssignmentJigneshTests.xctest */;
			productType = "com.apple.product-type.bundle.unit-test";
		};
/* End PBXNativeTarget section */

/* Begin PBXProject section */
		E0030A3C25496A6900FF0A0B /* Project object */ = {
			isa = PBXProject;
			attributes = {
				LastSwiftUpdateCheck = 1170;
				LastUpgradeCheck = 1170;
				ORGANIZATIONNAME = "Kalantri, Jignesh (Cognizant)";
				TargetAttributes = {
					E0030A4325496A6900FF0A0B = {
						CreatedOnToolsVersion = 11.7;
					};
					E0030A5925496A6A00FF0A0B = {
						CreatedOnToolsVersion = 11.7;
						TestTargetID = E0030A4325496A6900FF0A0B;
					};
				};
			};
			buildConfigurationList = E0030A3F25496A6900FF0A0B /* Build configuration list for PBXProject "AssignmentJignesh" */;
			compatibilityVersion = "Xcode 9.3";
			developmentRegion = en;
			hasScannedForEncodings = 0;
			knownRegions = (
				en,
				Base,
			);
			mainGroup = E0030A3B25496A6900FF0A0B;
			productRefGroup = E0030A4525496A6900FF0A0B /* Products */;
			projectDirPath = "";
			projectRoot = "";
			targets = (
				E0030A4325496A6900FF0A0B /* AssignmentJignesh */,
				E0030A5925496A6A00FF0A0B /* AssignmentJigneshTests */,
			);
		};
/* End PBXProject section */

/* Begin PBXResourcesBuildPhase section */
		E0030A4225496A6900FF0A0B /* Resources */ = {
			isa = PBXResourcesBuildPhase;
			buildActionMask = 2147483647;
			files = (
				E0030A5125496A6A00FF0A0B /* Assets.xcassets in Resources */,
			);
			runOnlyForDeploymentPostprocessing = 0;
		};
		E0030A5825496A6A00FF0A0B /* Resources */ = {
			isa = PBXResourcesBuildPhase;
			buildActionMask = 2147483647;
			files = (
			);
			runOnlyForDeploymentPostprocessing = 0;
		};
/* End PBXResourcesBuildPhase section */

/* Begin PBXShellScriptBuildPhase section */
		0ECF755F4AF99E3CEC3FC0C8 /* [CP] Check Pods Manifest.lock */ = {
			isa = PBXShellScriptBuildPhase;
			buildActionMask = 2147483647;
			files = (
			);
			inputFileListPaths = (
			);
			inputPaths = (
				"${PODS_PODFILE_DIR_PATH}/Podfile.lock",
				"${PODS_ROOT}/Manifest.lock",
			);
			name = "[CP] Check Pods Manifest.lock";
			outputFileListPaths = (
			);
			outputPaths = (
				"$(DERIVED_FILE_DIR)/Pods-AssignmentJigneshTests-checkManifestLockResult.txt",
			);
			runOnlyForDeploymentPostprocessing = 0;
			shellPath = /bin/sh;
			shellScript = "diff \"${PODS_PODFILE_DIR_PATH}/Podfile.lock\" \"${PODS_ROOT}/Manifest.lock\" > /dev/null\nif [ $? != 0 ] ; then\n    # print error to STDERR\n    echo \"error: The sandbox is not in sync with the Podfile.lock. Run 'pod install' or update your CocoaPods installation.\" >&2\n    exit 1\nfi\n# This output is used by Xcode 'outputs' to avoid re-running this script phase.\necho \"SUCCESS\" > \"${SCRIPT_OUTPUT_FILE_0}\"\n";
			showEnvVarsInLog = 0;
		};
		45DB228DE3A5C2CA34123FB0 /* [CP] Check Pods Manifest.lock */ = {
			isa = PBXShellScriptBuildPhase;
			buildActionMask = 2147483647;
			files = (
			);
			inputFileListPaths = (
			);
			inputPaths = (
				"${PODS_PODFILE_DIR_PATH}/Podfile.lock",
				"${PODS_ROOT}/Manifest.lock",
			);
			name = "[CP] Check Pods Manifest.lock";
			outputFileListPaths = (
			);
			outputPaths = (
				"$(DERIVED_FILE_DIR)/Pods-AssignmentJignesh-checkManifestLockResult.txt",
			);
			runOnlyForDeploymentPostprocessing = 0;
			shellPath = /bin/sh;
			shellScript = "diff \"${PODS_PODFILE_DIR_PATH}/Podfile.lock\" \"${PODS_ROOT}/Manifest.lock\" > /dev/null\nif [ $? != 0 ] ; then\n    # print error to STDERR\n    echo \"error: The sandbox is not in sync with the Podfile.lock. Run 'pod install' or update your CocoaPods installation.\" >&2\n    exit 1\nfi\n# This output is used by Xcode 'outputs' to avoid re-running this script phase.\necho \"SUCCESS\" > \"${SCRIPT_OUTPUT_FILE_0}\"\n";
			showEnvVarsInLog = 0;
		};
/* End PBXShellScriptBuildPhase section */

/* Begin PBXSourcesBuildPhase section */
		E0030A4025496A6900FF0A0B /* Sources */ = {
			isa = PBXSourcesBuildPhase;
			buildActionMask = 2147483647;
			files = (
				E02E37AE254C007A00AAF341 /* APIServices.swift in Sources */,
				E0030A712549789000FF0A0B /* HomeContentTableViewCell.swift in Sources */,
				E02E37A9254BE00800AAF341 /* AboutCanadaViewModel.swift in Sources */,
				E02E37BE254C034B00AAF341 /* UIColor+Extension.swift in Sources */,
				E02E37AF254C007A00AAF341 /* ImageDownloadHandler.swift in Sources */,
				E0457A89254C19E70010DD97 /* BaseViewController.swift in Sources */,
				E0030A4825496A6900FF0A0B /* AppDelegate.swift in Sources */,
				E02E37B7254C00A200AAF341 /* Constants.swift in Sources */,
				E0030A4A25496A6900FF0A0B /* SceneDelegate.swift in Sources */,
				E0030A7625497D4A00FF0A0B /* HomeFeedsViewController.swift in Sources */,
				E02E37BD254C034B00AAF341 /* UIView+Extension.swift in Sources */,
				E02E37BA254C00A200AAF341 /* AboutCanada.swift in Sources */,
				E0457A90254C21180010DD97 /* Reachability.swift in Sources */,
			);
			runOnlyForDeploymentPostprocessing = 0;
		};
		E0030A5625496A6A00FF0A0B /* Sources */ = {
			isa = PBXSourcesBuildPhase;
			buildActionMask = 2147483647;
			files = (
				E0457A8C254C1D440010DD97 /* AboutCanadaTests.swift in Sources */,
			);
			runOnlyForDeploymentPostprocessing = 0;
		};
/* End PBXSourcesBuildPhase section */

/* Begin PBXTargetDependency section */
		E0030A5C25496A6A00FF0A0B /* PBXTargetDependency */ = {
			isa = PBXTargetDependency;
			target = E0030A4325496A6900FF0A0B /* AssignmentJignesh */;
			targetProxy = E0030A5B25496A6A00FF0A0B /* PBXContainerItemProxy */;
		};
/* End PBXTargetDependency section */

/* Begin XCBuildConfiguration section */
		E0030A6125496A6A00FF0A0B /* Debug */ = {
			isa = XCBuildConfiguration;
			buildSettings = {
				ALWAYS_SEARCH_USER_PATHS = NO;
				CLANG_ANALYZER_NONNULL = YES;
				CLANG_ANALYZER_NUMBER_OBJECT_CONVERSION = YES_AGGRESSIVE;
				CLANG_CXX_LANGUAGE_STANDARD = "gnu++14";
				CLANG_CXX_LIBRARY = "libc++";
				CLANG_ENABLE_MODULES = YES;
				CLANG_ENABLE_OBJC_ARC = YES;
				CLANG_ENABLE_OBJC_WEAK = YES;
				CLANG_WARN_BLOCK_CAPTURE_AUTORELEASING = YES;
				CLANG_WARN_BOOL_CONVERSION = YES;
				CLANG_WARN_COMMA = YES;
				CLANG_WARN_CONSTANT_CONVERSION = YES;
				CLANG_WARN_DEPRECATED_OBJC_IMPLEMENTATIONS = YES;
				CLANG_WARN_DIRECT_OBJC_ISA_USAGE = YES_ERROR;
				CLANG_WARN_DOCUMENTATION_COMMENTS = YES;
				CLANG_WARN_EMPTY_BODY = YES;
				CLANG_WARN_ENUM_CONVERSION = YES;
				CLANG_WARN_INFINITE_RECURSION = YES;
				CLANG_WARN_INT_CONVERSION = YES;
				CLANG_WARN_NON_LITERAL_NULL_CONVERSION = YES;
				CLANG_WARN_OBJC_IMPLICIT_RETAIN_SELF = YES;
				CLANG_WARN_OBJC_LITERAL_CONVERSION = YES;
				CLANG_WARN_OBJC_ROOT_CLASS = YES_ERROR;
				CLANG_WARN_RANGE_LOOP_ANALYSIS = YES;
				CLANG_WARN_STRICT_PROTOTYPES = YES;
				CLANG_WARN_SUSPICIOUS_MOVE = YES;
				CLANG_WARN_UNGUARDED_AVAILABILITY = YES_AGGRESSIVE;
				CLANG_WARN_UNREACHABLE_CODE = YES;
				CLANG_WARN__DUPLICATE_METHOD_MATCH = YES;
				COPY_PHASE_STRIP = NO;
				DEBUG_INFORMATION_FORMAT = dwarf;
				ENABLE_STRICT_OBJC_MSGSEND = YES;
				ENABLE_TESTABILITY = YES;
				GCC_C_LANGUAGE_STANDARD = gnu11;
				GCC_DYNAMIC_NO_PIC = NO;
				GCC_NO_COMMON_BLOCKS = YES;
				GCC_OPTIMIZATION_LEVEL = 0;
				GCC_PREPROCESSOR_DEFINITIONS = (
					"DEBUG=1",
					"$(inherited)",
				);
				GCC_WARN_64_TO_32_BIT_CONVERSION = YES;
				GCC_WARN_ABOUT_RETURN_TYPE = YES_ERROR;
				GCC_WARN_UNDECLARED_SELECTOR = YES;
				GCC_WARN_UNINITIALIZED_AUTOS = YES_AGGRESSIVE;
				GCC_WARN_UNUSED_FUNCTION = YES;
				GCC_WARN_UNUSED_VARIABLE = YES;
				IPHONEOS_DEPLOYMENT_TARGET = 13.0;
				MTL_ENABLE_DEBUG_INFO = INCLUDE_SOURCE;
				MTL_FAST_MATH = YES;
				ONLY_ACTIVE_ARCH = YES;
				SDKROOT = iphoneos;
				SWIFT_ACTIVE_COMPILATION_CONDITIONS = DEBUG;
				SWIFT_OPTIMIZATION_LEVEL = "-Onone";
			};
			name = Debug;
		};
		E0030A6225496A6A00FF0A0B /* Release */ = {
			isa = XCBuildConfiguration;
			buildSettings = {
				ALWAYS_SEARCH_USER_PATHS = NO;
				CLANG_ANALYZER_NONNULL = YES;
				CLANG_ANALYZER_NUMBER_OBJECT_CONVERSION = YES_AGGRESSIVE;
				CLANG_CXX_LANGUAGE_STANDARD = "gnu++14";
				CLANG_CXX_LIBRARY = "libc++";
				CLANG_ENABLE_MODULES = YES;
				CLANG_ENABLE_OBJC_ARC = YES;
				CLANG_ENABLE_OBJC_WEAK = YES;
				CLANG_WARN_BLOCK_CAPTURE_AUTORELEASING = YES;
				CLANG_WARN_BOOL_CONVERSION = YES;
				CLANG_WARN_COMMA = YES;
				CLANG_WARN_CONSTANT_CONVERSION = YES;
				CLANG_WARN_DEPRECATED_OBJC_IMPLEMENTATIONS = YES;
				CLANG_WARN_DIRECT_OBJC_ISA_USAGE = YES_ERROR;
				CLANG_WARN_DOCUMENTATION_COMMENTS = YES;
				CLANG_WARN_EMPTY_BODY = YES;
				CLANG_WARN_ENUM_CONVERSION = YES;
				CLANG_WARN_INFINITE_RECURSION = YES;
				CLANG_WARN_INT_CONVERSION = YES;
				CLANG_WARN_NON_LITERAL_NULL_CONVERSION = YES;
				CLANG_WARN_OBJC_IMPLICIT_RETAIN_SELF = YES;
				CLANG_WARN_OBJC_LITERAL_CONVERSION = YES;
				CLANG_WARN_OBJC_ROOT_CLASS = YES_ERROR;
				CLANG_WARN_RANGE_LOOP_ANALYSIS = YES;
				CLANG_WARN_STRICT_PROTOTYPES = YES;
				CLANG_WARN_SUSPICIOUS_MOVE = YES;
				CLANG_WARN_UNGUARDED_AVAILABILITY = YES_AGGRESSIVE;
				CLANG_WARN_UNREACHABLE_CODE = YES;
				CLANG_WARN__DUPLICATE_METHOD_MATCH = YES;
				COPY_PHASE_STRIP = NO;
				DEBUG_INFORMATION_FORMAT = "dwarf-with-dsym";
				ENABLE_NS_ASSERTIONS = NO;
				ENABLE_STRICT_OBJC_MSGSEND = YES;
				GCC_C_LANGUAGE_STANDARD = gnu11;
				GCC_NO_COMMON_BLOCKS = YES;
				GCC_WARN_64_TO_32_BIT_CONVERSION = YES;
				GCC_WARN_ABOUT_RETURN_TYPE = YES_ERROR;
				GCC_WARN_UNDECLARED_SELECTOR = YES;
				GCC_WARN_UNINITIALIZED_AUTOS = YES_AGGRESSIVE;
				GCC_WARN_UNUSED_FUNCTION = YES;
				GCC_WARN_UNUSED_VARIABLE = YES;
				IPHONEOS_DEPLOYMENT_TARGET = 13.0;
				MTL_ENABLE_DEBUG_INFO = NO;
				MTL_FAST_MATH = YES;
				SDKROOT = iphoneos;
				SWIFT_COMPILATION_MODE = wholemodule;
				SWIFT_OPTIMIZATION_LEVEL = "-O";
				VALIDATE_PRODUCT = YES;
			};
			name = Release;
		};
		E0030A6425496A6A00FF0A0B /* Debug */ = {
			isa = XCBuildConfiguration;
			baseConfigurationReference = 324CF1BB0F8C5354CD662A37 /* Pods-AssignmentJignesh.debug.xcconfig */;
			buildSettings = {
				ASSETCATALOG_COMPILER_APPICON_NAME = AppIcon;
				CODE_SIGN_STYLE = Manual;
				DEVELOPMENT_TEAM = "";
				INFOPLIST_FILE = AssignmentJignesh/Info.plist;
				LD_RUNPATH_SEARCH_PATHS = (
					"$(inherited)",
					"@executable_path/Frameworks",
				);
				PRODUCT_BUNDLE_IDENTIFIER = as.AssignmentJignesh;
				PRODUCT_NAME = "$(TARGET_NAME)";
				PROVISIONING_PROFILE_SPECIFIER = "";
				SWIFT_VERSION = 5.0;
				TARGETED_DEVICE_FAMILY = "1,2";
			};
			name = Debug;
		};
		E0030A6525496A6A00FF0A0B /* Release */ = {
			isa = XCBuildConfiguration;
			baseConfigurationReference = C16EB15DD4FD603049B414EA /* Pods-AssignmentJignesh.release.xcconfig */;
			buildSettings = {
				ASSETCATALOG_COMPILER_APPICON_NAME = AppIcon;
				CODE_SIGN_STYLE = Manual;
				DEVELOPMENT_TEAM = "";
				INFOPLIST_FILE = AssignmentJignesh/Info.plist;
				LD_RUNPATH_SEARCH_PATHS = (
					"$(inherited)",
					"@executable_path/Frameworks",
				);
				PRODUCT_BUNDLE_IDENTIFIER = as.AssignmentJignesh;
				PRODUCT_NAME = "$(TARGET_NAME)";
				PROVISIONING_PROFILE_SPECIFIER = "";
				SWIFT_VERSION = 5.0;
				TARGETED_DEVICE_FAMILY = "1,2";
			};
			name = Release;
		};
		E0030A6725496A6A00FF0A0B /* Debug */ = {
			isa = XCBuildConfiguration;
			baseConfigurationReference = 8DA64736B6812AEAAB98B9E9 /* Pods-AssignmentJigneshTests.debug.xcconfig */;
			buildSettings = {
				ALWAYS_EMBED_SWIFT_STANDARD_LIBRARIES = YES;
				BUNDLE_LOADER = "$(TEST_HOST)";
				CODE_SIGN_STYLE = Automatic;
				INFOPLIST_FILE = AssignmentJigneshTests/Info.plist;
				IPHONEOS_DEPLOYMENT_TARGET = 13.7;
				LD_RUNPATH_SEARCH_PATHS = (
					"$(inherited)",
					"@executable_path/Frameworks",
					"@loader_path/Frameworks",
				);
				PRODUCT_BUNDLE_IDENTIFIER = as.AssignmentJigneshTests;
				PRODUCT_NAME = "$(TARGET_NAME)";
				SWIFT_VERSION = 5.0;
				TARGETED_DEVICE_FAMILY = "1,2";
				TEST_HOST = "$(BUILT_PRODUCTS_DIR)/AssignmentJignesh.app/AssignmentJignesh";
			};
			name = Debug;
		};
		E0030A6825496A6A00FF0A0B /* Release */ = {
			isa = XCBuildConfiguration;
			baseConfigurationReference = 46A2370E260E649A68D92430 /* Pods-AssignmentJigneshTests.release.xcconfig */;
			buildSettings = {
				ALWAYS_EMBED_SWIFT_STANDARD_LIBRARIES = YES;
				BUNDLE_LOADER = "$(TEST_HOST)";
				CODE_SIGN_STYLE = Automatic;
				INFOPLIST_FILE = AssignmentJigneshTests/Info.plist;
				IPHONEOS_DEPLOYMENT_TARGET = 13.7;
				LD_RUNPATH_SEARCH_PATHS = (
					"$(inherited)",
					"@executable_path/Frameworks",
					"@loader_path/Frameworks",
				);
				PRODUCT_BUNDLE_IDENTIFIER = as.AssignmentJigneshTests;
				PRODUCT_NAME = "$(TARGET_NAME)";
				SWIFT_VERSION = 5.0;
				TARGETED_DEVICE_FAMILY = "1,2";
				TEST_HOST = "$(BUILT_PRODUCTS_DIR)/AssignmentJignesh.app/AssignmentJignesh";
			};
			name = Release;
		};
/* End XCBuildConfiguration section */

/* Begin XCConfigurationList section */
		E0030A3F25496A6900FF0A0B /* Build configuration list for PBXProject "AssignmentJignesh" */ = {
			isa = XCConfigurationList;
			buildConfigurations = (
				E0030A6125496A6A00FF0A0B /* Debug */,
				E0030A6225496A6A00FF0A0B /* Release */,
			);
			defaultConfigurationIsVisible = 0;
			defaultConfigurationName = Release;
		};
		E0030A6325496A6A00FF0A0B /* Build configuration list for PBXNativeTarget "AssignmentJignesh" */ = {
			isa = XCConfigurationList;
			buildConfigurations = (
				E0030A6425496A6A00FF0A0B /* Debug */,
				E0030A6525496A6A00FF0A0B /* Release */,
			);
			defaultConfigurationIsVisible = 0;
			defaultConfigurationName = Release;
		};
		E0030A6625496A6A00FF0A0B /* Build configuration list for PBXNativeTarget "AssignmentJigneshTests" */ = {
			isa = XCConfigurationList;
			buildConfigurations = (
				E0030A6725496A6A00FF0A0B /* Debug */,
				E0030A6825496A6A00FF0A0B /* Release */,
			);
			defaultConfigurationIsVisible = 0;
			defaultConfigurationName = Release;
		};
/* End XCConfigurationList section */
	};
	rootObject = E0030A3C25496A6900FF0A0B /* Project object */;
}
